
Microsoft Visual Studio Solution File, Format Version 12.00
Project("{FAE04EC0-301F-11D3-BF4B-00C04F79EFBC}") = "217-contains-duplicate", "217-contains-duplicate\217-contains-duplicate.csproj", "{9BEE84F3-E2B6-4F76-BA41-6B79F01D0325}"
EndProject
Global
	GlobalSection(SolutionConfigurationPlatforms) = preSolution
		Debug|Any CPU = Debug|Any CPU
		Release|Any CPU = Release|Any CPU
	EndGlobalSection
	GlobalSection(ProjectConfigurationPlatforms) = postSolution
		{9BEE84F3-E2B6-4F76-BA41-6B79F01D0325}.Debug|Any CPU.ActiveCfg = Debug|Any CPU
		{9BEE84F3-E2B6-4F76-BA41-6B79F01D0325}.Debug|Any CPU.Build.0 = Debug|Any CPU
		{9BEE84F3-E2B6-4F76-BA41-6B79F01D0325}.Release|Any CPU.ActiveCfg = Release|Any CPU
		{9BEE84F3-E2B6-4F76-BA41-6B79F01D0325}.Release|Any CPU.Build.0 = Release|Any CPU
	EndGlobalSection
EndGlobal
